
Microsoft Visual Studio Solution File, Format Version 12.00
# Visual Studio 15
VisualStudioVersion = 15.0.28307.168
MinimumVisualStudioVersion = 10.0.40219.1
Project("{FAE04EC0-301F-11D3-BF4B-00C04F79EFBC}") = "000_Singleton", "000_Singleton\000_Singleton.csproj", "{7F7C925A-442E-4797-ABE4-EA128917612F}"
EndProject
Project("{FAE04EC0-301F-11D3-BF4B-00C04F79EFBC}") = "001_Facade", "001_Facade\001_Facade.csproj", "{703E11F5-4A08-49F9-9E57-E462FF4AE850}"
EndProject
Project("{FAE04EC0-301F-11D3-BF4B-00C04F79EFBC}") = "002_FactoryMethod", "002_FactoryMethod\002_FactoryMethod.csproj", "{BF582F25-D409-4F2E-8EFD-F89AD15D6001}"
EndProject
Project("{FAE04EC0-301F-11D3-BF4B-00C04F79EFBC}") = "003_AbstractFactory", "003_AbstractFactory\003_AbstractFactory.csproj", "{48C1A00F-374C-4EAA-92FB-2AF39BB81D85}"
EndProject
Global
	GlobalSection(SolutionConfigurationPlatforms) = preSolution
		Debug|Any CPU = Debug|Any CPU
		Release|Any CPU = Release|Any CPU
	EndGlobalSection
	GlobalSection(ProjectConfigurationPlatforms) = postSolution
		{7F7C925A-442E-4797-ABE4-EA128917612F}.Debug|Any CPU.ActiveCfg = Debug|Any CPU
		{7F7C925A-442E-4797-ABE4-EA128917612F}.Debug|Any CPU.Build.0 = Debug|Any CPU
		{7F7C925A-442E-4797-ABE4-EA128917612F}.Release|Any CPU.ActiveCfg = Release|Any CPU
		{7F7C925A-442E-4797-ABE4-EA128917612F}.Release|Any CPU.Build.0 = Release|Any CPU
		{703E11F5-4A08-49F9-9E57-E462FF4AE850}.Debug|Any CPU.ActiveCfg = Debug|Any CPU
		{703E11F5-4A08-49F9-9E57-E462FF4AE850}.Debug|Any CPU.Build.0 = Debug|Any CPU
		{703E11F5-4A08-49F9-9E57-E462FF4AE850}.Release|Any CPU.ActiveCfg = Release|Any CPU
		{703E11F5-4A08-49F9-9E57-E462FF4AE850}.Release|Any CPU.Build.0 = Release|Any CPU
		{BF582F25-D409-4F2E-8EFD-F89AD15D6001}.Debug|Any CPU.ActiveCfg = Debug|Any CPU
		{BF582F25-D409-4F2E-8EFD-F89AD15D6001}.Debug|Any CPU.Build.0 = Debug|Any CPU
		{BF582F25-D409-4F2E-8EFD-F89AD15D6001}.Release|Any CPU.ActiveCfg = Release|Any CPU
		{BF582F25-D409-4F2E-8EFD-F89AD15D6001}.Release|Any CPU.Build.0 = Release|Any CPU
		{48C1A00F-374C-4EAA-92FB-2AF39BB81D85}.Debug|Any CPU.ActiveCfg = Debug|Any CPU
		{48C1A00F-374C-4EAA-92FB-2AF39BB81D85}.Debug|Any CPU.Build.0 = Debug|Any CPU
		{48C1A00F-374C-4EAA-92FB-2AF39BB81D85}.Release|Any CPU.ActiveCfg = Release|Any CPU
		{48C1A00F-374C-4EAA-92FB-2AF39BB81D85}.Release|Any CPU.Build.0 = Release|Any CPU
	EndGlobalSection
	GlobalSection(SolutionProperties) = preSolution
		HideSolutionNode = FALSE
	EndGlobalSection
	GlobalSection(ExtensibilityGlobals) = postSolution
		SolutionGuid = {0992E690-52B8-4A11-8743-9710E31A05CB}
	EndGlobalSection
EndGlobal
